// !$*UTF8*$!
{
	archiveVersion = 1;
	classes = {
	};
	objectVersion = 46;
	objects = {

/* Begin PBXBuildFile section */
		2E0B233D1F67ED4600AF2B80 /* CentralTestCase.swift in Sources */ = {isa = PBXBuildFile; fileRef = 2E0B233C1F67ED4600AF2B80 /* CentralTestCase.swift */; };
		2E0B23411F680CE400AF2B80 /* PeripheralManagerTestCase.swift in Sources */ = {isa = PBXBuildFile; fileRef = 2E0B23401F680CE400AF2B80 /* PeripheralManagerTestCase.swift */; };
		2E0B23431F68105300AF2B80 /* TestSetup.swift in Sources */ = {isa = PBXBuildFile; fileRef = 2E0B23421F68105300AF2B80 /* TestSetup.swift */; };
		2E9D018E1F66E52800E50A08 /* CoreMockables.swift in Sources */ = {isa = PBXBuildFile; fileRef = 2EEFC32E1F669B8A00BB7657 /* CoreMockables.swift */; };
		2E9D01911F66EE2500E50A08 /* Log.swift in Sources */ = {isa = PBXBuildFile; fileRef = 2E9D01901F66EE2500E50A08 /* Log.swift */; };
		2E9D01921F66F00000E50A08 /* Log.swift in Sources */ = {isa = PBXBuildFile; fileRef = 2E9D01901F66EE2500E50A08 /* Log.swift */; };
		2E9D01941F67E21400E50A08 /* CentralManagerScanningOptions.swift in Sources */ = {isa = PBXBuildFile; fileRef = 2E9D01931F67E21400E50A08 /* CentralManagerScanningOptions.swift */; };
		2E9D01961F67E22900E50A08 /* CentralManagerScanningOptionsTestCase.swift in Sources */ = {isa = PBXBuildFile; fileRef = 2E9D01951F67E22900E50A08 /* CentralManagerScanningOptionsTestCase.swift */; };
		2E9D01971F67E65800E50A08 /* CentralManagerOptionsTestCase.swift in Sources */ = {isa = PBXBuildFile; fileRef = 2EEFC33E1F66DCFD00BB7657 /* CentralManagerOptionsTestCase.swift */; };
		2E9D01981F67E6B100E50A08 /* CentralManagerScanningOptions.swift in Sources */ = {isa = PBXBuildFile; fileRef = 2E9D01931F67E21400E50A08 /* CentralManagerScanningOptions.swift */; };
		2EDF838C1F69430E00AEEE00 /* CorePeripheral.swift in Sources */ = {isa = PBXBuildFile; fileRef = 2EDF838B1F69430E00AEEE00 /* CorePeripheral.swift */; };
		2EDF838D1F6943AD00AEEE00 /* CorePeripheral.swift in Sources */ = {isa = PBXBuildFile; fileRef = 2EDF838B1F69430E00AEEE00 /* CorePeripheral.swift */; };
		2EDF838F1F69447100AEEE00 /* CBPeripheralMock.swift in Sources */ = {isa = PBXBuildFile; fileRef = 2EDF838E1F69447100AEEE00 /* CBPeripheralMock.swift */; };
		2EDF83911F6964BC00AEEE00 /* CBPeripheralManagerMock.swift in Sources */ = {isa = PBXBuildFile; fileRef = 2EDF83901F6964BC00AEEE00 /* CBPeripheralManagerMock.swift */; };
		2EDF83931F696BB700AEEE00 /* CBServiceMock.swift in Sources */ = {isa = PBXBuildFile; fileRef = 2EDF83921F696BB700AEEE00 /* CBServiceMock.swift */; };
		2EDF83961F69711500AEEE00 /* CentralManagerConnectionDelegateCatcher.swift in Sources */ = {isa = PBXBuildFile; fileRef = 2EDF83951F69711500AEEE00 /* CentralManagerConnectionDelegateCatcher.swift */; };
		2EEFC32F1F669B8A00BB7657 /* CoreMockables.swift in Sources */ = {isa = PBXBuildFile; fileRef = 2EEFC32E1F669B8A00BB7657 /* CoreMockables.swift */; };
		2EEFC3321F66AA1D00BB7657 /* AdvertisementTestCase.swift in Sources */ = {isa = PBXBuildFile; fileRef = 2EEFC3311F66AA1D00BB7657 /* AdvertisementTestCase.swift */; };
		2EEFC33B1F66D45C00BB7657 /* Helpers.swift in Sources */ = {isa = PBXBuildFile; fileRef = 2EEFC33A1F66D45C00BB7657 /* Helpers.swift */; };
		2EF8F2EA1F698C9D00AC3B26 /* CentralManagerRestoreStateTestCase.swift in Sources */ = {isa = PBXBuildFile; fileRef = 2EF8F2E91F698C9D00AC3B26 /* CentralManagerRestoreStateTestCase.swift */; };
		2EFE13761F68305900DAE7E7 /* CoreCentralManager.swift in Sources */ = {isa = PBXBuildFile; fileRef = 2EFE13751F68305900DAE7E7 /* CoreCentralManager.swift */; };
		2EFE13771F6830CC00DAE7E7 /* CoreCentralManager.swift in Sources */ = {isa = PBXBuildFile; fileRef = 2EFE13751F68305900DAE7E7 /* CoreCentralManager.swift */; };
		2EFE13791F68311B00DAE7E7 /* CentralManagerTestCase.swift in Sources */ = {isa = PBXBuildFile; fileRef = 2EFE13781F68311B00DAE7E7 /* CentralManagerTestCase.swift */; };
		2EFE137C1F68314500DAE7E7 /* CBCentralManagerMock.swift in Sources */ = {isa = PBXBuildFile; fileRef = 2EFE137B1F68314500DAE7E7 /* CBCentralManagerMock.swift */; };
		BF102D541F0CF3730099D8AB /* DefaultCentralManager.swift in Sources */ = {isa = PBXBuildFile; fileRef = BF102D531F0CF3730099D8AB /* DefaultCentralManager.swift */; };
		BF12A8A11DCA77D300DFD137 /* CentralManagerRestoreState.swift in Sources */ = {isa = PBXBuildFile; fileRef = BF12A8A01DCA77D300DFD137 /* CentralManagerRestoreState.swift */; };
		BF180BEA1EC35123008F7982 /* DefaultPeripheral.swift in Sources */ = {isa = PBXBuildFile; fileRef = BF180BE91EC35123008F7982 /* DefaultPeripheral.swift */; };
		BF3FFE671DC2D99200870202 /* Characteristic.swift in Sources */ = {isa = PBXBuildFile; fileRef = BF3FFE661DC2D99200870202 /* Characteristic.swift */; };
		BF3FFE6C1DC3A7A300870202 /* Descriptor.swift in Sources */ = {isa = PBXBuildFile; fileRef = BF3FFE6B1DC3A7A300870202 /* Descriptor.swift */; };
		BF3FFE6E1DC3B07D00870202 /* ConnectionOptions.swift in Sources */ = {isa = PBXBuildFile; fileRef = BF3FFE6D1DC3B07D00870202 /* ConnectionOptions.swift */; };
		BF3FFE701DC3B09900870202 /* PeripheralState.swift in Sources */ = {isa = PBXBuildFile; fileRef = BF3FFE6F1DC3B09900870202 /* PeripheralState.swift */; };
		BF3FFE721DC3B4FB00870202 /* WriteType.swift in Sources */ = {isa = PBXBuildFile; fileRef = BF3FFE711DC3B4FB00870202 /* WriteType.swift */; };
		BF5CD5401F1BED5800C2702A /* PeripheralManager.swift in Sources */ = {isa = PBXBuildFile; fileRef = BF5CD52B1F1BED5800C2702A /* PeripheralManager.swift */; };
		BF5CD5411F1BED5800C2702A /* PeripheralManagerProtocols.swift in Sources */ = {isa = PBXBuildFile; fileRef = BF5CD52C1F1BED5800C2702A /* PeripheralManagerProtocols.swift */; };
		BF5CD5471F1BED5800C2702A /* PeripheralManagerRestoreState.swift in Sources */ = {isa = PBXBuildFile; fileRef = BF5CD5321F1BED5800C2702A /* PeripheralManagerRestoreState.swift */; };
		BF5CD5481F1BED5800C2702A /* MutableDescriptor.swift in Sources */ = {isa = PBXBuildFile; fileRef = BF5CD5331F1BED5800C2702A /* MutableDescriptor.swift */; };
		BF5CD5491F1BED5800C2702A /* MutableCharacteristic.swift in Sources */ = {isa = PBXBuildFile; fileRef = BF5CD5341F1BED5800C2702A /* MutableCharacteristic.swift */; };
		BF5CD54A1F1BED5800C2702A /* MutableService.swift in Sources */ = {isa = PBXBuildFile; fileRef = BF5CD5351F1BED5800C2702A /* MutableService.swift */; };
		BF5CD54C1F1BED5800C2702A /* PeripheralManagerConnectionLatency.swift in Sources */ = {isa = PBXBuildFile; fileRef = BF5CD5371F1BED5800C2702A /* PeripheralManagerConnectionLatency.swift */; };
		BF5CD54D1F1BED5800C2702A /* PeripheralManagerState.swift in Sources */ = {isa = PBXBuildFile; fileRef = BF5CD5381F1BED5800C2702A /* PeripheralManagerState.swift */; };
		BF5CD54E1F1BED5800C2702A /* PeripheralManagerAuthorizationStatus.swift in Sources */ = {isa = PBXBuildFile; fileRef = BF5CD5391F1BED5800C2702A /* PeripheralManagerAuthorizationStatus.swift */; };
		BF5CD54F1F1BED5800C2702A /* Central.swift in Sources */ = {isa = PBXBuildFile; fileRef = BF5CD53A1F1BED5800C2702A /* Central.swift */; };
		BF5CD5501F1BED5800C2702A /* ATTRequest.swift in Sources */ = {isa = PBXBuildFile; fileRef = BF5CD53B1F1BED5800C2702A /* ATTRequest.swift */; };
		BF5CD5511F1BED5800C2702A /* ATTError.swift in Sources */ = {isa = PBXBuildFile; fileRef = BF5CD53C1F1BED5800C2702A /* ATTError.swift */; };
		BF5CD5521F1BED5800C2702A /* AttributePermissions.swift in Sources */ = {isa = PBXBuildFile; fileRef = BF5CD53D1F1BED5800C2702A /* AttributePermissions.swift */; };
		BF70B4C11F30E743005FCCD9 /* Descriptor.swift in Sources */ = {isa = PBXBuildFile; fileRef = BF3FFE6B1DC3A7A300870202 /* Descriptor.swift */; };
		BF70B4C21F30E743005FCCD9 /* MutableDescriptor.swift in Sources */ = {isa = PBXBuildFile; fileRef = BF5CD5331F1BED5800C2702A /* MutableDescriptor.swift */; };
		BF70B4C31F30E743005FCCD9 /* DescriptorProtocols.swift in Sources */ = {isa = PBXBuildFile; fileRef = BFB360551DE2FEEC00B7931F /* DescriptorProtocols.swift */; };
		BF70B4C41F30E743005FCCD9 /* DefaultDescriptor.swift in Sources */ = {isa = PBXBuildFile; fileRef = BF84AD931EC34A0C00FAD246 /* DefaultDescriptor.swift */; };
		BF70B4C51F30E743005FCCD9 /* Characteristic.swift in Sources */ = {isa = PBXBuildFile; fileRef = BF3FFE661DC2D99200870202 /* Characteristic.swift */; };
		BF70B4C61F30E743005FCCD9 /* MutableCharacteristic.swift in Sources */ = {isa = PBXBuildFile; fileRef = BF5CD5341F1BED5800C2702A /* MutableCharacteristic.swift */; };
		BF70B4C71F30E743005FCCD9 /* CharacteristicProtocols.swift in Sources */ = {isa = PBXBuildFile; fileRef = BFB360531DE2FEAB00B7931F /* CharacteristicProtocols.swift */; };
		BF70B4C81F30E743005FCCD9 /* DefaultCharacteristic.swift in Sources */ = {isa = PBXBuildFile; fileRef = BF84AD8F1EC3411700FAD246 /* DefaultCharacteristic.swift */; };
		BF70B4C91F30E743005FCCD9 /* Service.swift in Sources */ = {isa = PBXBuildFile; fileRef = BFCB8E121DC1104400D5430D /* Service.swift */; };
		BF70B4CA1F30E743005FCCD9 /* MutableService.swift in Sources */ = {isa = PBXBuildFile; fileRef = BF5CD5351F1BED5800C2702A /* MutableService.swift */; };
		BF70B4CB1F30E743005FCCD9 /* ServiceProtocols.swift in Sources */ = {isa = PBXBuildFile; fileRef = BFB360571DE2FF0400B7931F /* ServiceProtocols.swift */; };
		BF70B4CC1F30E743005FCCD9 /* DefaultService.swift in Sources */ = {isa = PBXBuildFile; fileRef = BF84AD911EC3470300FAD246 /* DefaultService.swift */; };
		BF70B4CD1F30E743005FCCD9 /* Peripheral.swift in Sources */ = {isa = PBXBuildFile; fileRef = BFCB8E0A1DC0E45600D5430D /* Peripheral.swift */; };
		BF70B4CE1F30E743005FCCD9 /* PeripheralProtocols.swift in Sources */ = {isa = PBXBuildFile; fileRef = BFB360591DE2FF8400B7931F /* PeripheralProtocols.swift */; };
		BF70B4CF1F30E743005FCCD9 /* DefaultPeripheral.swift in Sources */ = {isa = PBXBuildFile; fileRef = BF180BE91EC35123008F7982 /* DefaultPeripheral.swift */; };
		BF70B4D01F30E743005FCCD9 /* Central.swift in Sources */ = {isa = PBXBuildFile; fileRef = BF5CD53A1F1BED5800C2702A /* Central.swift */; };
		BF70B4D11F30E743005FCCD9 /* CentralManager.swift in Sources */ = {isa = PBXBuildFile; fileRef = BFCB8E0E1DC0E61C00D5430D /* CentralManager.swift */; };
		BF70B4D21F30E743005FCCD9 /* CentralManagerProtocols.swift in Sources */ = {isa = PBXBuildFile; fileRef = BFCB8E101DC0E76600D5430D /* CentralManagerProtocols.swift */; };
		BF70B4D31F30E743005FCCD9 /* DefaultCentralManager.swift in Sources */ = {isa = PBXBuildFile; fileRef = BF102D531F0CF3730099D8AB /* DefaultCentralManager.swift */; };
		BF70B4D41F30E743005FCCD9 /* PeripheralManager.swift in Sources */ = {isa = PBXBuildFile; fileRef = BF5CD52B1F1BED5800C2702A /* PeripheralManager.swift */; };
		BF70B4D51F30E743005FCCD9 /* PeripheralManagerProtocols.swift in Sources */ = {isa = PBXBuildFile; fileRef = BF5CD52C1F1BED5800C2702A /* PeripheralManagerProtocols.swift */; };
		BF70B4D61F30E743005FCCD9 /* Advertisement.swift in Sources */ = {isa = PBXBuildFile; fileRef = BFCB8E0C1DC0E5EF00D5430D /* Advertisement.swift */; };
		BF70B4D71F30E743005FCCD9 /* AdvertisementPersistence.swift in Sources */ = {isa = PBXBuildFile; fileRef = BFC429001F0F923F006C1F8C /* AdvertisementPersistence.swift */; };
		BF70B4D81F30E743005FCCD9 /* ATTError.swift in Sources */ = {isa = PBXBuildFile; fileRef = BF5CD53C1F1BED5800C2702A /* ATTError.swift */; };
		BF70B4D91F30E743005FCCD9 /* ATTRequest.swift in Sources */ = {isa = PBXBuildFile; fileRef = BF5CD53B1F1BED5800C2702A /* ATTRequest.swift */; };
		BF70B4DA1F30E743005FCCD9 /* AttributePermissions.swift in Sources */ = {isa = PBXBuildFile; fileRef = BF5CD53D1F1BED5800C2702A /* AttributePermissions.swift */; };
		BF70B4DB1F30E744005FCCD9 /* CentralManagerOptions.swift in Sources */ = {isa = PBXBuildFile; fileRef = BF77CEFF1DC3E494005E41FD /* CentralManagerOptions.swift */; };
		BF70B4DC1F30E744005FCCD9 /* CentralManagerRestoreState.swift in Sources */ = {isa = PBXBuildFile; fileRef = BF12A8A01DCA77D300DFD137 /* CentralManagerRestoreState.swift */; };
		BF70B4DD1F30E744005FCCD9 /* ManagerState.swift in Sources */ = {isa = PBXBuildFile; fileRef = BF77CEFD1DC3E45F005E41FD /* ManagerState.swift */; };
		BF70B4DE1F30E744005FCCD9 /* CharacteristicProperties.swift in Sources */ = {isa = PBXBuildFile; fileRef = BFE23EAF1DC65B2700F94D20 /* CharacteristicProperties.swift */; };
		BF70B4DF1F30E744005FCCD9 /* ConnectionOptions.swift in Sources */ = {isa = PBXBuildFile; fileRef = BF3FFE6D1DC3B07D00870202 /* ConnectionOptions.swift */; };
		BF70B4E01F30E744005FCCD9 /* Error.swift in Sources */ = {isa = PBXBuildFile; fileRef = BFE23EB51DC6BC0000F94D20 /* Error.swift */; };
		BF70B4E11F30E744005FCCD9 /* Identifier.swift in Sources */ = {isa = PBXBuildFile; fileRef = BFE23EB11DC694FC00F94D20 /* Identifier.swift */; };
		BF70B4E21F30E744005FCCD9 /* PeripheralManagerAuthorizationStatus.swift in Sources */ = {isa = PBXBuildFile; fileRef = BF5CD5391F1BED5800C2702A /* PeripheralManagerAuthorizationStatus.swift */; };
		BF70B4E31F30E744005FCCD9 /* PeripheralManagerConnectionLatency.swift in Sources */ = {isa = PBXBuildFile; fileRef = BF5CD5371F1BED5800C2702A /* PeripheralManagerConnectionLatency.swift */; };
		BF70B4E41F30E744005FCCD9 /* PeripheralManagerRestoreState.swift in Sources */ = {isa = PBXBuildFile; fileRef = BF5CD5321F1BED5800C2702A /* PeripheralManagerRestoreState.swift */; };
		BF70B4E51F30E744005FCCD9 /* PeripheralManagerState.swift in Sources */ = {isa = PBXBuildFile; fileRef = BF5CD5381F1BED5800C2702A /* PeripheralManagerState.swift */; };
		BF70B4E61F30E744005FCCD9 /* PeripheralState.swift in Sources */ = {isa = PBXBuildFile; fileRef = BF3FFE6F1DC3B09900870202 /* PeripheralState.swift */; };
		BF70B4E71F30E744005FCCD9 /* WriteType.swift in Sources */ = {isa = PBXBuildFile; fileRef = BF3FFE711DC3B4FB00870202 /* WriteType.swift */; };
		BF77CEFE1DC3E45F005E41FD /* ManagerState.swift in Sources */ = {isa = PBXBuildFile; fileRef = BF77CEFD1DC3E45F005E41FD /* ManagerState.swift */; };
		BF77CF001DC3E494005E41FD /* CentralManagerOptions.swift in Sources */ = {isa = PBXBuildFile; fileRef = BF77CEFF1DC3E494005E41FD /* CentralManagerOptions.swift */; };
		BF84AD901EC3411700FAD246 /* DefaultCharacteristic.swift in Sources */ = {isa = PBXBuildFile; fileRef = BF84AD8F1EC3411700FAD246 /* DefaultCharacteristic.swift */; };
		BF84AD921EC3470300FAD246 /* DefaultService.swift in Sources */ = {isa = PBXBuildFile; fileRef = BF84AD911EC3470300FAD246 /* DefaultService.swift */; };
		BF84AD941EC34A0C00FAD246 /* DefaultDescriptor.swift in Sources */ = {isa = PBXBuildFile; fileRef = BF84AD931EC34A0C00FAD246 /* DefaultDescriptor.swift */; };
		BFACE1511DC3E2B900328A63 /* CentralManager.swift in Sources */ = {isa = PBXBuildFile; fileRef = BFCB8E0E1DC0E61C00D5430D /* CentralManager.swift */; };
		BFACE1521DC3E2FB00328A63 /* CentralManagerProtocols.swift in Sources */ = {isa = PBXBuildFile; fileRef = BFCB8E101DC0E76600D5430D /* CentralManagerProtocols.swift */; };
		BFB360541DE2FEAC00B7931F /* CharacteristicProtocols.swift in Sources */ = {isa = PBXBuildFile; fileRef = BFB360531DE2FEAB00B7931F /* CharacteristicProtocols.swift */; };
		BFB360561DE2FEEC00B7931F /* DescriptorProtocols.swift in Sources */ = {isa = PBXBuildFile; fileRef = BFB360551DE2FEEC00B7931F /* DescriptorProtocols.swift */; };
		BFB360581DE2FF0400B7931F /* ServiceProtocols.swift in Sources */ = {isa = PBXBuildFile; fileRef = BFB360571DE2FF0400B7931F /* ServiceProtocols.swift */; };
		BFB3605A1DE2FF8400B7931F /* PeripheralProtocols.swift in Sources */ = {isa = PBXBuildFile; fileRef = BFB360591DE2FF8400B7931F /* PeripheralProtocols.swift */; };
		BFBFE3782006296200402ED7 /* Result.swift in Sources */ = {isa = PBXBuildFile; fileRef = BFBFE3772006296200402ED7 /* Result.swift */; };
		BFBFE37C20062A4E00402ED7 /* Result.swift in Sources */ = {isa = PBXBuildFile; fileRef = BFBFE3772006296200402ED7 /* Result.swift */; };
		BFC429011F0F923F006C1F8C /* AdvertisementPersistence.swift in Sources */ = {isa = PBXBuildFile; fileRef = BFC429001F0F923F006C1F8C /* AdvertisementPersistence.swift */; };
		BFCB8DFA1DC0E22200D5430D /* Blues.framework in Frameworks */ = {isa = PBXBuildFile; fileRef = BFCB8DF01DC0E22200D5430D /* Blues.framework */; };
		BFCB8E0B1DC0E45600D5430D /* Peripheral.swift in Sources */ = {isa = PBXBuildFile; fileRef = BFCB8E0A1DC0E45600D5430D /* Peripheral.swift */; };
		BFCB8E0D1DC0E5EF00D5430D /* Advertisement.swift in Sources */ = {isa = PBXBuildFile; fileRef = BFCB8E0C1DC0E5EF00D5430D /* Advertisement.swift */; };
		BFCB8E131DC1104400D5430D /* Service.swift in Sources */ = {isa = PBXBuildFile; fileRef = BFCB8E121DC1104400D5430D /* Service.swift */; };
		BFE23EB01DC65B2700F94D20 /* CharacteristicProperties.swift in Sources */ = {isa = PBXBuildFile; fileRef = BFE23EAF1DC65B2700F94D20 /* CharacteristicProperties.swift */; };
		BFE23EB21DC694FC00F94D20 /* Identifier.swift in Sources */ = {isa = PBXBuildFile; fileRef = BFE23EB11DC694FC00F94D20 /* Identifier.swift */; };
		BFE23EB61DC6BC0000F94D20 /* Error.swift in Sources */ = {isa = PBXBuildFile; fileRef = BFE23EB51DC6BC0000F94D20 /* Error.swift */; };
/* End PBXBuildFile section */

/* Begin PBXContainerItemProxy section */
		BFCB8DFB1DC0E22200D5430D /* PBXContainerItemProxy */ = {
			isa = PBXContainerItemProxy;
			containerPortal = BFCB8DE71DC0E22200D5430D /* Project object */;
			proxyType = 1;
			remoteGlobalIDString = BFCB8DEF1DC0E22200D5430D;
			remoteInfo = Blues;
		};
/* End PBXContainerItemProxy section */

/* Begin PBXCopyFilesBuildPhase section */
		BF70B4B61F30E70F005FCCD9 /* CopyFiles */ = {
			isa = PBXCopyFilesBuildPhase;
			buildActionMask = 2147483647;
			dstPath = "include/$(PRODUCT_NAME)";
			dstSubfolderSpec = 16;
			files = (
			);
			runOnlyForDeploymentPostprocessing = 0;
		};
/* End PBXCopyFilesBuildPhase section */

/* Begin PBXFileReference section */
		2E0B233C1F67ED4600AF2B80 /* CentralTestCase.swift */ = {isa = PBXFileReference; lastKnownFileType = sourcecode.swift; path = CentralTestCase.swift; sourceTree = "<group>"; };
		2E0B23401F680CE400AF2B80 /* PeripheralManagerTestCase.swift */ = {isa = PBXFileReference; lastKnownFileType = sourcecode.swift; path = PeripheralManagerTestCase.swift; sourceTree = "<group>"; };
		2E0B23421F68105300AF2B80 /* TestSetup.swift */ = {isa = PBXFileReference; lastKnownFileType = sourcecode.swift; path = TestSetup.swift; sourceTree = "<group>"; };
		2E9D01901F66EE2500E50A08 /* Log.swift */ = {isa = PBXFileReference; lastKnownFileType = sourcecode.swift; path = Log.swift; sourceTree = "<group>"; };
		2E9D01931F67E21400E50A08 /* CentralManagerScanningOptions.swift */ = {isa = PBXFileReference; lastKnownFileType = sourcecode.swift; path = CentralManagerScanningOptions.swift; sourceTree = "<group>"; };
		2E9D01951F67E22900E50A08 /* CentralManagerScanningOptionsTestCase.swift */ = {isa = PBXFileReference; lastKnownFileType = sourcecode.swift; path = CentralManagerScanningOptionsTestCase.swift; sourceTree = "<group>"; };
		2EDF838B1F69430E00AEEE00 /* CorePeripheral.swift */ = {isa = PBXFileReference; lastKnownFileType = sourcecode.swift; path = CorePeripheral.swift; sourceTree = "<group>"; };
		2EDF838E1F69447100AEEE00 /* CBPeripheralMock.swift */ = {isa = PBXFileReference; lastKnownFileType = sourcecode.swift; path = CBPeripheralMock.swift; sourceTree = "<group>"; };
		2EDF83901F6964BC00AEEE00 /* CBPeripheralManagerMock.swift */ = {isa = PBXFileReference; lastKnownFileType = sourcecode.swift; path = CBPeripheralManagerMock.swift; sourceTree = "<group>"; };
		2EDF83921F696BB700AEEE00 /* CBServiceMock.swift */ = {isa = PBXFileReference; lastKnownFileType = sourcecode.swift; path = CBServiceMock.swift; sourceTree = "<group>"; };
		2EDF83951F69711500AEEE00 /* CentralManagerConnectionDelegateCatcher.swift */ = {isa = PBXFileReference; lastKnownFileType = sourcecode.swift; path = CentralManagerConnectionDelegateCatcher.swift; sourceTree = "<group>"; };
		2EEFC32E1F669B8A00BB7657 /* CoreMockables.swift */ = {isa = PBXFileReference; lastKnownFileType = sourcecode.swift; path = CoreMockables.swift; sourceTree = "<group>"; };
		2EEFC3311F66AA1D00BB7657 /* AdvertisementTestCase.swift */ = {isa = PBXFileReference; lastKnownFileType = sourcecode.swift; path = AdvertisementTestCase.swift; sourceTree = "<group>"; };
		2EEFC33A1F66D45C00BB7657 /* Helpers.swift */ = {isa = PBXFileReference; lastKnownFileType = sourcecode.swift; path = Helpers.swift; sourceTree = "<group>"; };
		2EEFC33E1F66DCFD00BB7657 /* CentralManagerOptionsTestCase.swift */ = {isa = PBXFileReference; lastKnownFileType = sourcecode.swift; path = CentralManagerOptionsTestCase.swift; sourceTree = "<group>"; };
		2EF8F2E91F698C9D00AC3B26 /* CentralManagerRestoreStateTestCase.swift */ = {isa = PBXFileReference; lastKnownFileType = sourcecode.swift; path = CentralManagerRestoreStateTestCase.swift; sourceTree = "<group>"; };
		2EFE13751F68305900DAE7E7 /* CoreCentralManager.swift */ = {isa = PBXFileReference; lastKnownFileType = sourcecode.swift; path = CoreCentralManager.swift; sourceTree = "<group>"; };
		2EFE13781F68311B00DAE7E7 /* CentralManagerTestCase.swift */ = {isa = PBXFileReference; lastKnownFileType = sourcecode.swift; path = CentralManagerTestCase.swift; sourceTree = "<group>"; };
		2EFE137B1F68314500DAE7E7 /* CBCentralManagerMock.swift */ = {isa = PBXFileReference; lastKnownFileType = sourcecode.swift; path = CBCentralManagerMock.swift; sourceTree = "<group>"; };
		BF102D531F0CF3730099D8AB /* DefaultCentralManager.swift */ = {isa = PBXFileReference; fileEncoding = 4; lastKnownFileType = sourcecode.swift; path = DefaultCentralManager.swift; sourceTree = "<group>"; };
		BF12A8A01DCA77D300DFD137 /* CentralManagerRestoreState.swift */ = {isa = PBXFileReference; fileEncoding = 4; lastKnownFileType = sourcecode.swift; path = CentralManagerRestoreState.swift; sourceTree = "<group>"; };
		BF180BE91EC35123008F7982 /* DefaultPeripheral.swift */ = {isa = PBXFileReference; fileEncoding = 4; lastKnownFileType = sourcecode.swift; lineEnding = 0; path = DefaultPeripheral.swift; sourceTree = "<group>"; xcLanguageSpecificationIdentifier = xcode.lang.swift; };
		BF33042C1F3731CF0011FE87 /* Universal.xcconfig */ = {isa = PBXFileReference; lastKnownFileType = text.xcconfig; path = Universal.xcconfig; sourceTree = "<group>"; };
		BF3FFE661DC2D99200870202 /* Characteristic.swift */ = {isa = PBXFileReference; fileEncoding = 4; lastKnownFileType = sourcecode.swift; lineEnding = 0; path = Characteristic.swift; sourceTree = "<group>"; xcLanguageSpecificationIdentifier = xcode.lang.swift; };
		BF3FFE6B1DC3A7A300870202 /* Descriptor.swift */ = {isa = PBXFileReference; fileEncoding = 4; lastKnownFileType = sourcecode.swift; lineEnding = 0; path = Descriptor.swift; sourceTree = "<group>"; xcLanguageSpecificationIdentifier = xcode.lang.swift; };
		BF3FFE6D1DC3B07D00870202 /* ConnectionOptions.swift */ = {isa = PBXFileReference; fileEncoding = 4; lastKnownFileType = sourcecode.swift; path = ConnectionOptions.swift; sourceTree = "<group>"; };
		BF3FFE6F1DC3B09900870202 /* PeripheralState.swift */ = {isa = PBXFileReference; fileEncoding = 4; lastKnownFileType = sourcecode.swift; path = PeripheralState.swift; sourceTree = "<group>"; };
		BF3FFE711DC3B4FB00870202 /* WriteType.swift */ = {isa = PBXFileReference; fileEncoding = 4; lastKnownFileType = sourcecode.swift; path = WriteType.swift; sourceTree = "<group>"; };
		BF5CD52B1F1BED5800C2702A /* PeripheralManager.swift */ = {isa = PBXFileReference; fileEncoding = 4; lastKnownFileType = sourcecode.swift; path = PeripheralManager.swift; sourceTree = "<group>"; };
		BF5CD52C1F1BED5800C2702A /* PeripheralManagerProtocols.swift */ = {isa = PBXFileReference; fileEncoding = 4; lastKnownFileType = sourcecode.swift; path = PeripheralManagerProtocols.swift; sourceTree = "<group>"; };
		BF5CD5321F1BED5800C2702A /* PeripheralManagerRestoreState.swift */ = {isa = PBXFileReference; fileEncoding = 4; lastKnownFileType = sourcecode.swift; path = PeripheralManagerRestoreState.swift; sourceTree = "<group>"; };
		BF5CD5331F1BED5800C2702A /* MutableDescriptor.swift */ = {isa = PBXFileReference; fileEncoding = 4; lastKnownFileType = sourcecode.swift; path = MutableDescriptor.swift; sourceTree = "<group>"; };
		BF5CD5341F1BED5800C2702A /* MutableCharacteristic.swift */ = {isa = PBXFileReference; fileEncoding = 4; lastKnownFileType = sourcecode.swift; path = MutableCharacteristic.swift; sourceTree = "<group>"; };
		BF5CD5351F1BED5800C2702A /* MutableService.swift */ = {isa = PBXFileReference; fileEncoding = 4; lastKnownFileType = sourcecode.swift; path = MutableService.swift; sourceTree = "<group>"; };
		BF5CD5371F1BED5800C2702A /* PeripheralManagerConnectionLatency.swift */ = {isa = PBXFileReference; fileEncoding = 4; lastKnownFileType = sourcecode.swift; path = PeripheralManagerConnectionLatency.swift; sourceTree = "<group>"; };
		BF5CD5381F1BED5800C2702A /* PeripheralManagerState.swift */ = {isa = PBXFileReference; fileEncoding = 4; lastKnownFileType = sourcecode.swift; path = PeripheralManagerState.swift; sourceTree = "<group>"; };
		BF5CD5391F1BED5800C2702A /* PeripheralManagerAuthorizationStatus.swift */ = {isa = PBXFileReference; fileEncoding = 4; lastKnownFileType = sourcecode.swift; path = PeripheralManagerAuthorizationStatus.swift; sourceTree = "<group>"; };
		BF5CD53A1F1BED5800C2702A /* Central.swift */ = {isa = PBXFileReference; fileEncoding = 4; lastKnownFileType = sourcecode.swift; path = Central.swift; sourceTree = "<group>"; };
		BF5CD53B1F1BED5800C2702A /* ATTRequest.swift */ = {isa = PBXFileReference; fileEncoding = 4; lastKnownFileType = sourcecode.swift; path = ATTRequest.swift; sourceTree = "<group>"; };
		BF5CD53C1F1BED5800C2702A /* ATTError.swift */ = {isa = PBXFileReference; fileEncoding = 4; lastKnownFileType = sourcecode.swift; path = ATTError.swift; sourceTree = "<group>"; };
		BF5CD53D1F1BED5800C2702A /* AttributePermissions.swift */ = {isa = PBXFileReference; fileEncoding = 4; lastKnownFileType = sourcecode.swift; path = AttributePermissions.swift; sourceTree = "<group>"; };
		BF70B4B81F30E70F005FCCD9 /* libBlues.a */ = {isa = PBXFileReference; explicitFileType = archive.ar; includeInIndex = 0; path = libBlues.a; sourceTree = BUILT_PRODUCTS_DIR; };
		BF70B4E81F30E855005FCCD9 /* libResult.a */ = {isa = PBXFileReference; lastKnownFileType = archive.ar; name = libResult.a; path = "Carthage/Checkouts/Result/build/Debug-iphoneos/libResult.a"; sourceTree = "<group>"; };
		BF77CEFD1DC3E45F005E41FD /* ManagerState.swift */ = {isa = PBXFileReference; fileEncoding = 4; lastKnownFileType = sourcecode.swift; path = ManagerState.swift; sourceTree = "<group>"; };
		BF77CEFF1DC3E494005E41FD /* CentralManagerOptions.swift */ = {isa = PBXFileReference; fileEncoding = 4; lastKnownFileType = sourcecode.swift; lineEnding = 0; path = CentralManagerOptions.swift; sourceTree = "<group>"; xcLanguageSpecificationIdentifier = xcode.lang.swift; };
		BF84AD8F1EC3411700FAD246 /* DefaultCharacteristic.swift */ = {isa = PBXFileReference; fileEncoding = 4; lastKnownFileType = sourcecode.swift; lineEnding = 0; path = DefaultCharacteristic.swift; sourceTree = "<group>"; xcLanguageSpecificationIdentifier = xcode.lang.swift; };
		BF84AD911EC3470300FAD246 /* DefaultService.swift */ = {isa = PBXFileReference; fileEncoding = 4; lastKnownFileType = sourcecode.swift; lineEnding = 0; path = DefaultService.swift; sourceTree = "<group>"; xcLanguageSpecificationIdentifier = xcode.lang.swift; };
		BF84AD931EC34A0C00FAD246 /* DefaultDescriptor.swift */ = {isa = PBXFileReference; fileEncoding = 4; lastKnownFileType = sourcecode.swift; lineEnding = 0; path = DefaultDescriptor.swift; sourceTree = "<group>"; xcLanguageSpecificationIdentifier = xcode.lang.swift; };
		BFA1CC341E66DA42009B077C /* Result.framework */ = {isa = PBXFileReference; explicitFileType = wrapper.framework; path = Result.framework; sourceTree = BUILT_PRODUCTS_DIR; };
		BFB360531DE2FEAB00B7931F /* CharacteristicProtocols.swift */ = {isa = PBXFileReference; fileEncoding = 4; lastKnownFileType = sourcecode.swift; path = CharacteristicProtocols.swift; sourceTree = "<group>"; };
		BFB360551DE2FEEC00B7931F /* DescriptorProtocols.swift */ = {isa = PBXFileReference; fileEncoding = 4; lastKnownFileType = sourcecode.swift; path = DescriptorProtocols.swift; sourceTree = "<group>"; };
		BFB360571DE2FF0400B7931F /* ServiceProtocols.swift */ = {isa = PBXFileReference; fileEncoding = 4; lastKnownFileType = sourcecode.swift; path = ServiceProtocols.swift; sourceTree = "<group>"; };
		BFB360591DE2FF8400B7931F /* PeripheralProtocols.swift */ = {isa = PBXFileReference; fileEncoding = 4; lastKnownFileType = sourcecode.swift; lineEnding = 0; path = PeripheralProtocols.swift; sourceTree = "<group>"; xcLanguageSpecificationIdentifier = xcode.lang.swift; };
		BFBFE3772006296200402ED7 /* Result.swift */ = {isa = PBXFileReference; lastKnownFileType = sourcecode.swift; path = Result.swift; sourceTree = "<group>"; };
		BFC429001F0F923F006C1F8C /* AdvertisementPersistence.swift */ = {isa = PBXFileReference; fileEncoding = 4; lastKnownFileType = sourcecode.swift; path = AdvertisementPersistence.swift; sourceTree = "<group>"; };
		BFCB8DF01DC0E22200D5430D /* Blues.framework */ = {isa = PBXFileReference; explicitFileType = wrapper.framework; includeInIndex = 0; path = Blues.framework; sourceTree = BUILT_PRODUCTS_DIR; };
		BFCB8DF31DC0E22200D5430D /* Blues.h */ = {isa = PBXFileReference; lastKnownFileType = sourcecode.c.h; path = Blues.h; sourceTree = "<group>"; };
		BFCB8DF41DC0E22200D5430D /* Info.plist */ = {isa = PBXFileReference; lastKnownFileType = text.plist.xml; path = Info.plist; sourceTree = "<group>"; };
		BFCB8DF91DC0E22200D5430D /* BluesTests.xctest */ = {isa = PBXFileReference; explicitFileType = wrapper.cfbundle; includeInIndex = 0; path = BluesTests.xctest; sourceTree = BUILT_PRODUCTS_DIR; };
		BFCB8E001DC0E22200D5430D /* Info.plist */ = {isa = PBXFileReference; lastKnownFileType = text.plist.xml; path = Info.plist; sourceTree = "<group>"; };
		BFCB8E0A1DC0E45600D5430D /* Peripheral.swift */ = {isa = PBXFileReference; fileEncoding = 4; lastKnownFileType = sourcecode.swift; lineEnding = 0; path = Peripheral.swift; sourceTree = "<group>"; };
		BFCB8E0C1DC0E5EF00D5430D /* Advertisement.swift */ = {isa = PBXFileReference; fileEncoding = 4; lastKnownFileType = sourcecode.swift; lineEnding = 0; path = Advertisement.swift; sourceTree = "<group>"; };
		BFCB8E0E1DC0E61C00D5430D /* CentralManager.swift */ = {isa = PBXFileReference; fileEncoding = 4; lastKnownFileType = sourcecode.swift; lineEnding = 0; path = CentralManager.swift; sourceTree = "<group>"; xcLanguageSpecificationIdentifier = xcode.lang.swift; };
		BFCB8E101DC0E76600D5430D /* CentralManagerProtocols.swift */ = {isa = PBXFileReference; fileEncoding = 4; lastKnownFileType = sourcecode.swift; lineEnding = 0; path = CentralManagerProtocols.swift; sourceTree = "<group>"; xcLanguageSpecificationIdentifier = xcode.lang.swift; };
		BFCB8E121DC1104400D5430D /* Service.swift */ = {isa = PBXFileReference; fileEncoding = 4; lastKnownFileType = sourcecode.swift; lineEnding = 0; path = Service.swift; sourceTree = "<group>"; xcLanguageSpecificationIdentifier = xcode.lang.swift; };
		BFE23EAF1DC65B2700F94D20 /* CharacteristicProperties.swift */ = {isa = PBXFileReference; fileEncoding = 4; lastKnownFileType = sourcecode.swift; path = CharacteristicProperties.swift; sourceTree = "<group>"; };
		BFE23EB11DC694FC00F94D20 /* Identifier.swift */ = {isa = PBXFileReference; fileEncoding = 4; lastKnownFileType = sourcecode.swift; path = Identifier.swift; sourceTree = "<group>"; };
		BFE23EB51DC6BC0000F94D20 /* Error.swift */ = {isa = PBXFileReference; fileEncoding = 4; lastKnownFileType = sourcecode.swift; path = Error.swift; sourceTree = "<group>"; };
/* End PBXFileReference section */

/* Begin PBXFrameworksBuildPhase section */
		BF70B4B51F30E70F005FCCD9 /* Frameworks */ = {
			isa = PBXFrameworksBuildPhase;
			buildActionMask = 2147483647;
			files = (
			);
			runOnlyForDeploymentPostprocessing = 0;
		};
		BFCB8DEC1DC0E22200D5430D /* Frameworks */ = {
			isa = PBXFrameworksBuildPhase;
			buildActionMask = 2147483647;
			files = (
			);
			runOnlyForDeploymentPostprocessing = 0;
		};
		BFCB8DF61DC0E22200D5430D /* Frameworks */ = {
			isa = PBXFrameworksBuildPhase;
			buildActionMask = 2147483647;
			files = (
				BFCB8DFA1DC0E22200D5430D /* Blues.framework in Frameworks */,
			);
			runOnlyForDeploymentPostprocessing = 0;
		};
/* End PBXFrameworksBuildPhase section */

/* Begin PBXGroup section */
		2E0B233B1F67ED3800AF2B80 /* Central */ = {
			isa = PBXGroup;
			children = (
				2E0B233C1F67ED4600AF2B80 /* CentralTestCase.swift */,
			);
			path = Central;
			sourceTree = "<group>";
		};
		2E0B233F1F680CCE00AF2B80 /* PeripheralManager */ = {
			isa = PBXGroup;
			children = (
				2E0B23401F680CE400AF2B80 /* PeripheralManagerTestCase.swift */,
			);
			path = PeripheralManager;
			sourceTree = "<group>";
		};
		2EDF83941F69710000AEEE00 /* Delegates */ = {
			isa = PBXGroup;
			children = (
				2EDF83951F69711500AEEE00 /* CentralManagerConnectionDelegateCatcher.swift */,
			);
			path = Delegates;
			sourceTree = "<group>";
		};
		2EEFC32A1F669B6800BB7657 /* Mockables */ = {
			isa = PBXGroup;
			children = (
				2EEFC32E1F669B8A00BB7657 /* CoreMockables.swift */,
				2EFE13751F68305900DAE7E7 /* CoreCentralManager.swift */,
				2EDF838B1F69430E00AEEE00 /* CorePeripheral.swift */,
			);
			name = Mockables;
			sourceTree = "<group>";
		};
		2EEFC3301F66AA0900BB7657 /* Auxiliaries */ = {
			isa = PBXGroup;
			children = (
				2EEFC3311F66AA1D00BB7657 /* AdvertisementTestCase.swift */,
				2EEFC33E1F66DCFD00BB7657 /* CentralManagerOptionsTestCase.swift */,
				2E9D01951F67E22900E50A08 /* CentralManagerScanningOptionsTestCase.swift */,
				2EF8F2E91F698C9D00AC3B26 /* CentralManagerRestoreStateTestCase.swift */,
			);
			path = Auxiliaries;
			sourceTree = "<group>";
		};
		2EFE13741F68303200DAE7E7 /* Central Manager */ = {
			isa = PBXGroup;
			children = (
				2EFE13781F68311B00DAE7E7 /* CentralManagerTestCase.swift */,
			);
			path = "Central Manager";
			sourceTree = "<group>";
		};
		2EFE137A1F68313600DAE7E7 /* Mocks */ = {
			isa = PBXGroup;
			children = (
				2EDF83941F69710000AEEE00 /* Delegates */,
				2EFE137B1F68314500DAE7E7 /* CBCentralManagerMock.swift */,
				2EDF838E1F69447100AEEE00 /* CBPeripheralMock.swift */,
				2EDF83901F6964BC00AEEE00 /* CBPeripheralManagerMock.swift */,
				2EDF83921F696BB700AEEE00 /* CBServiceMock.swift */,
			);
			path = Mocks;
			sourceTree = "<group>";
		};
		BF102D551F0D27680099D8AB /* Descriptor */ = {
			isa = PBXGroup;
			children = (
				BF3FFE6B1DC3A7A300870202 /* Descriptor.swift */,
				BF5CD5331F1BED5800C2702A /* MutableDescriptor.swift */,
				BFB360551DE2FEEC00B7931F /* DescriptorProtocols.swift */,
				BF84AD931EC34A0C00FAD246 /* DefaultDescriptor.swift */,
			);
			name = Descriptor;
			sourceTree = "<group>";
		};
		BF102D561F0D27710099D8AB /* Characteristic */ = {
			isa = PBXGroup;
			children = (
				BF3FFE661DC2D99200870202 /* Characteristic.swift */,
				BF5CD5341F1BED5800C2702A /* MutableCharacteristic.swift */,
				BFB360531DE2FEAB00B7931F /* CharacteristicProtocols.swift */,
				BF84AD8F1EC3411700FAD246 /* DefaultCharacteristic.swift */,
			);
			name = Characteristic;
			sourceTree = "<group>";
		};
		BF102D571F0D27780099D8AB /* Service */ = {
			isa = PBXGroup;
			children = (
				BFCB8E121DC1104400D5430D /* Service.swift */,
				BF5CD5351F1BED5800C2702A /* MutableService.swift */,
				BFB360571DE2FF0400B7931F /* ServiceProtocols.swift */,
				BF84AD911EC3470300FAD246 /* DefaultService.swift */,
			);
			name = Service;
			sourceTree = "<group>";
		};
		BF102D581F0D27810099D8AB /* Peripheral */ = {
			isa = PBXGroup;
			children = (
				BFCB8E0A1DC0E45600D5430D /* Peripheral.swift */,
				BFB360591DE2FF8400B7931F /* PeripheralProtocols.swift */,
				BF180BE91EC35123008F7982 /* DefaultPeripheral.swift */,
			);
			name = Peripheral;
			sourceTree = "<group>";
		};
		BF102D591F0D27890099D8AB /* CentralManager */ = {
			isa = PBXGroup;
			children = (
				BFCB8E0E1DC0E61C00D5430D /* CentralManager.swift */,
				BFCB8E101DC0E76600D5430D /* CentralManagerProtocols.swift */,
				BF102D531F0CF3730099D8AB /* DefaultCentralManager.swift */,
			);
			name = CentralManager;
			sourceTree = "<group>";
		};
		BF3304201F372E020011FE87 /* Configs */ = {
			isa = PBXGroup;
			children = (
				BF33042C1F3731CF0011FE87 /* Universal.xcconfig */,
			);
			name = Configs;
			path = Blues.xcodeproj/Configs;
			sourceTree = "<group>";
		};
		BF5CD5551F1BED5E00C2702A /* PeripheralManager */ = {
			isa = PBXGroup;
			children = (
				BF5CD52B1F1BED5800C2702A /* PeripheralManager.swift */,
				BF5CD52C1F1BED5800C2702A /* PeripheralManagerProtocols.swift */,
			);
			name = PeripheralManager;
			sourceTree = "<group>";
		};
		BF5CD5561F1BED8700C2702A /* Central */ = {
			isa = PBXGroup;
			children = (
				BF5CD53A1F1BED5800C2702A /* Central.swift */,
			);
			name = Central;
			sourceTree = "<group>";
		};
		BFA1CC2D1E66D9E8009B077C /* Frameworks */ = {
			isa = PBXGroup;
			children = (
				BF70B4E81F30E855005FCCD9 /* libResult.a */,
				BFA1CC341E66DA42009B077C /* Result.framework */,
			);
			name = Frameworks;
			sourceTree = "<group>";
		};
		BFCB8DE61DC0E22200D5430D = {
			isa = PBXGroup;
			children = (
				BFCB8DF21DC0E22200D5430D /* Blues */,
				BFCB8DFD1DC0E22200D5430D /* BluesTests */,
				BFA1CC2D1E66D9E8009B077C /* Frameworks */,
				BF3304201F372E020011FE87 /* Configs */,
				BFCB8DF11DC0E22200D5430D /* Products */,
			);
			sourceTree = "<group>";
		};
		BFCB8DF11DC0E22200D5430D /* Products */ = {
			isa = PBXGroup;
			children = (
				BFCB8DF01DC0E22200D5430D /* Blues.framework */,
				BFCB8DF91DC0E22200D5430D /* BluesTests.xctest */,
				BF70B4B81F30E70F005FCCD9 /* libBlues.a */,
			);
			name = Products;
			sourceTree = "<group>";
		};
		BFCB8DF21DC0E22200D5430D /* Blues */ = {
			isa = PBXGroup;
			children = (
				BFCB8DF31DC0E22200D5430D /* Blues.h */,
				BF102D551F0D27680099D8AB /* Descriptor */,
				BF102D561F0D27710099D8AB /* Characteristic */,
				BF102D571F0D27780099D8AB /* Service */,
				BF102D581F0D27810099D8AB /* Peripheral */,
				BF5CD5561F1BED8700C2702A /* Central */,
				BF102D591F0D27890099D8AB /* CentralManager */,
				BF5CD5551F1BED5E00C2702A /* PeripheralManager */,
				BFE23EAA1DC563F500F94D20 /* Auxiliaries */,
				2EEFC32A1F669B6800BB7657 /* Mockables */,
				BFCB8DF41DC0E22200D5430D /* Info.plist */,
			);
			path = Blues;
			sourceTree = "<group>";
		};
		BFCB8DFD1DC0E22200D5430D /* BluesTests */ = {
			isa = PBXGroup;
			children = (
				2E0B23421F68105300AF2B80 /* TestSetup.swift */,
				2EEFC33A1F66D45C00BB7657 /* Helpers.swift */,
				2EFE13741F68303200DAE7E7 /* Central Manager */,
				2E0B233F1F680CCE00AF2B80 /* PeripheralManager */,
				2E0B233B1F67ED3800AF2B80 /* Central */,
				2EEFC3301F66AA0900BB7657 /* Auxiliaries */,
				2EFE137A1F68313600DAE7E7 /* Mocks */,
				BFCB8E001DC0E22200D5430D /* Info.plist */,
			);
			path = BluesTests;
			sourceTree = "<group>";
		};
		BFE23EAA1DC563F500F94D20 /* Auxiliaries */ = {
			isa = PBXGroup;
			children = (
				BFCB8E0C1DC0E5EF00D5430D /* Advertisement.swift */,
				BFC429001F0F923F006C1F8C /* AdvertisementPersistence.swift */,
				BF5CD53C1F1BED5800C2702A /* ATTError.swift */,
				BF5CD53B1F1BED5800C2702A /* ATTRequest.swift */,
				BF5CD53D1F1BED5800C2702A /* AttributePermissions.swift */,
				BF77CEFF1DC3E494005E41FD /* CentralManagerOptions.swift */,
				BF12A8A01DCA77D300DFD137 /* CentralManagerRestoreState.swift */,
				2E9D01931F67E21400E50A08 /* CentralManagerScanningOptions.swift */,
				BFE23EAF1DC65B2700F94D20 /* CharacteristicProperties.swift */,
				BF3FFE6D1DC3B07D00870202 /* ConnectionOptions.swift */,
				BFE23EB51DC6BC0000F94D20 /* Error.swift */,
				BFBFE3772006296200402ED7 /* Result.swift */,
				BFE23EB11DC694FC00F94D20 /* Identifier.swift */,
				2E9D01901F66EE2500E50A08 /* Log.swift */,
				BF77CEFD1DC3E45F005E41FD /* ManagerState.swift */,
				BF5CD5391F1BED5800C2702A /* PeripheralManagerAuthorizationStatus.swift */,
				BF5CD5371F1BED5800C2702A /* PeripheralManagerConnectionLatency.swift */,
				BF5CD5321F1BED5800C2702A /* PeripheralManagerRestoreState.swift */,
				BF5CD5381F1BED5800C2702A /* PeripheralManagerState.swift */,
				BF3FFE6F1DC3B09900870202 /* PeripheralState.swift */,
				BF3FFE711DC3B4FB00870202 /* WriteType.swift */,
			);
			name = Auxiliaries;
			sourceTree = "<group>";
		};
/* End PBXGroup section */

/* Begin PBXHeadersBuildPhase section */
		BFCB8DED1DC0E22200D5430D /* Headers */ = {
			isa = PBXHeadersBuildPhase;
			buildActionMask = 2147483647;
			files = (
			);
			runOnlyForDeploymentPostprocessing = 0;
		};
/* End PBXHeadersBuildPhase section */

/* Begin PBXNativeTarget section */
		BF70B4B71F30E70F005FCCD9 /* Blues (Static) */ = {
			isa = PBXNativeTarget;
			buildConfigurationList = BF70B4C01F30E70F005FCCD9 /* Build configuration list for PBXNativeTarget "Blues (Static)" */;
			buildPhases = (
				BF70B4B41F30E70F005FCCD9 /* Sources */,
				BF70B4B51F30E70F005FCCD9 /* Frameworks */,
				BF70B4B61F30E70F005FCCD9 /* CopyFiles */,
			);
			buildRules = (
			);
			dependencies = (
			);
			name = "Blues (Static)";
			productName = "Blues (Static)";
			productReference = BF70B4B81F30E70F005FCCD9 /* libBlues.a */;
			productType = "com.apple.product-type.library.static";
		};
		BFCB8DEF1DC0E22200D5430D /* Blues */ = {
			isa = PBXNativeTarget;
			buildConfigurationList = BFCB8E041DC0E22200D5430D /* Build configuration list for PBXNativeTarget "Blues" */;
			buildPhases = (
				BFCB8DEB1DC0E22200D5430D /* Sources */,
				BFCB8DEC1DC0E22200D5430D /* Frameworks */,
				BFCB8DED1DC0E22200D5430D /* Headers */,
				BFCB8DEE1DC0E22200D5430D /* Resources */,
			);
			buildRules = (
			);
			dependencies = (
			);
			name = Blues;
			productName = Blues;
			productReference = BFCB8DF01DC0E22200D5430D /* Blues.framework */;
			productType = "com.apple.product-type.framework";
		};
		BFCB8DF81DC0E22200D5430D /* BluesTests */ = {
			isa = PBXNativeTarget;
			buildConfigurationList = BFCB8E071DC0E22200D5430D /* Build configuration list for PBXNativeTarget "BluesTests" */;
			buildPhases = (
				BFCB8DF51DC0E22200D5430D /* Sources */,
				BFCB8DF61DC0E22200D5430D /* Frameworks */,
				BFCB8DF71DC0E22200D5430D /* Resources */,
			);
			buildRules = (
			);
			dependencies = (
				BFCB8DFC1DC0E22200D5430D /* PBXTargetDependency */,
			);
			name = BluesTests;
			productName = BluesTests;
			productReference = BFCB8DF91DC0E22200D5430D /* BluesTests.xctest */;
			productType = "com.apple.product-type.bundle.unit-test";
		};
/* End PBXNativeTarget section */

/* Begin PBXProject section */
		BFCB8DE71DC0E22200D5430D /* Project object */ = {
			isa = PBXProject;
			attributes = {
				LastSwiftUpdateCheck = 0810;
				LastUpgradeCheck = 0900;
				ORGANIZATIONNAME = "NWTN Berlin";
				TargetAttributes = {
					BF70B4B71F30E70F005FCCD9 = {
						CreatedOnToolsVersion = 9.0;
						DevelopmentTeam = RHSV5Y8MLD;
					};
					BFCB8DEF1DC0E22200D5430D = {
						CreatedOnToolsVersion = 8.0;
						LastSwiftMigration = 0900;
						ProvisioningStyle = Manual;
					};
					BFCB8DF81DC0E22200D5430D = {
						CreatedOnToolsVersion = 8.0;
						LastSwiftMigration = 0900;
						ProvisioningStyle = Manual;
					};
				};
			};
			buildConfigurationList = BFCB8DEA1DC0E22200D5430D /* Build configuration list for PBXProject "Blues" */;
			compatibilityVersion = "Xcode 3.2";
			developmentRegion = English;
			hasScannedForEncodings = 0;
			knownRegions = (
				en,
				Base,
			);
			mainGroup = BFCB8DE61DC0E22200D5430D;
			productRefGroup = BFCB8DF11DC0E22200D5430D /* Products */;
			projectDirPath = "";
			projectRoot = "";
			targets = (
				BFCB8DEF1DC0E22200D5430D /* Blues */,
				BF70B4B71F30E70F005FCCD9 /* Blues (Static) */,
				BFCB8DF81DC0E22200D5430D /* BluesTests */,
			);
		};
/* End PBXProject section */

/* Begin PBXResourcesBuildPhase section */
		BFCB8DEE1DC0E22200D5430D /* Resources */ = {
			isa = PBXResourcesBuildPhase;
			buildActionMask = 2147483647;
			files = (
			);
			runOnlyForDeploymentPostprocessing = 0;
		};
		BFCB8DF71DC0E22200D5430D /* Resources */ = {
			isa = PBXResourcesBuildPhase;
			buildActionMask = 2147483647;
			files = (
			);
			runOnlyForDeploymentPostprocessing = 0;
		};
/* End PBXResourcesBuildPhase section */

/* Begin PBXSourcesBuildPhase section */
		BF70B4B41F30E70F005FCCD9 /* Sources */ = {
			isa = PBXSourcesBuildPhase;
			buildActionMask = 2147483647;
			files = (
				BF70B4C11F30E743005FCCD9 /* Descriptor.swift in Sources */,
				BF70B4C21F30E743005FCCD9 /* MutableDescriptor.swift in Sources */,
				BF70B4C31F30E743005FCCD9 /* DescriptorProtocols.swift in Sources */,
				BF70B4C41F30E743005FCCD9 /* DefaultDescriptor.swift in Sources */,
				BF70B4C51F30E743005FCCD9 /* Characteristic.swift in Sources */,
				BF70B4C61F30E743005FCCD9 /* MutableCharacteristic.swift in Sources */,
				BF70B4C71F30E743005FCCD9 /* CharacteristicProtocols.swift in Sources */,
				BF70B4C81F30E743005FCCD9 /* DefaultCharacteristic.swift in Sources */,
				BF70B4C91F30E743005FCCD9 /* Service.swift in Sources */,
				BF70B4CA1F30E743005FCCD9 /* MutableService.swift in Sources */,
				BF70B4CB1F30E743005FCCD9 /* ServiceProtocols.swift in Sources */,
				BF70B4CC1F30E743005FCCD9 /* DefaultService.swift in Sources */,
				BF70B4CD1F30E743005FCCD9 /* Peripheral.swift in Sources */,
				BF70B4CE1F30E743005FCCD9 /* PeripheralProtocols.swift in Sources */,
				BF70B4CF1F30E743005FCCD9 /* DefaultPeripheral.swift in Sources */,
				BF70B4D01F30E743005FCCD9 /* Central.swift in Sources */,
				2E9D018E1F66E52800E50A08 /* CoreMockables.swift in Sources */,
				BF70B4D11F30E743005FCCD9 /* CentralManager.swift in Sources */,
				BF70B4D21F30E743005FCCD9 /* CentralManagerProtocols.swift in Sources */,
				BF70B4D31F30E743005FCCD9 /* DefaultCentralManager.swift in Sources */,
				2EDF838D1F6943AD00AEEE00 /* CorePeripheral.swift in Sources */,
				2EFE13771F6830CC00DAE7E7 /* CoreCentralManager.swift in Sources */,
				2E9D01921F66F00000E50A08 /* Log.swift in Sources */,
				BF70B4D41F30E743005FCCD9 /* PeripheralManager.swift in Sources */,
				BF70B4D51F30E743005FCCD9 /* PeripheralManagerProtocols.swift in Sources */,
				BF70B4D61F30E743005FCCD9 /* Advertisement.swift in Sources */,
				BF70B4D71F30E743005FCCD9 /* AdvertisementPersistence.swift in Sources */,
				BF70B4D81F30E743005FCCD9 /* ATTError.swift in Sources */,
				BF70B4D91F30E743005FCCD9 /* ATTRequest.swift in Sources */,
				BF70B4DA1F30E743005FCCD9 /* AttributePermissions.swift in Sources */,
				BF70B4DB1F30E744005FCCD9 /* CentralManagerOptions.swift in Sources */,
				BF70B4DC1F30E744005FCCD9 /* CentralManagerRestoreState.swift in Sources */,
				BF70B4DD1F30E744005FCCD9 /* ManagerState.swift in Sources */,
				BF70B4DE1F30E744005FCCD9 /* CharacteristicProperties.swift in Sources */,
				BF70B4DF1F30E744005FCCD9 /* ConnectionOptions.swift in Sources */,
				BF70B4E01F30E744005FCCD9 /* Error.swift in Sources */,
				BF70B4E11F30E744005FCCD9 /* Identifier.swift in Sources */,
				BF70B4E21F30E744005FCCD9 /* PeripheralManagerAuthorizationStatus.swift in Sources */,
				BF70B4E31F30E744005FCCD9 /* PeripheralManagerConnectionLatency.swift in Sources */,
				2E9D01981F67E6B100E50A08 /* CentralManagerScanningOptions.swift in Sources */,
				BF70B4E41F30E744005FCCD9 /* PeripheralManagerRestoreState.swift in Sources */,
				BF70B4E51F30E744005FCCD9 /* PeripheralManagerState.swift in Sources */,
				BF70B4E61F30E744005FCCD9 /* PeripheralState.swift in Sources */,
				BF70B4E71F30E744005FCCD9 /* WriteType.swift in Sources */,
			);
			runOnlyForDeploymentPostprocessing = 0;
		};
		BFCB8DEB1DC0E22200D5430D /* Sources */ = {
			isa = PBXSourcesBuildPhase;
			buildActionMask = 2147483647;
			files = (
				BF5CD5511F1BED5800C2702A /* ATTError.swift in Sources */,
				BFB360541DE2FEAC00B7931F /* CharacteristicProtocols.swift in Sources */,
				BF3FFE671DC2D99200870202 /* Characteristic.swift in Sources */,
				BF5CD5471F1BED5800C2702A /* PeripheralManagerRestoreState.swift in Sources */,
				BFB360561DE2FEEC00B7931F /* DescriptorProtocols.swift in Sources */,
				BF84AD901EC3411700FAD246 /* DefaultCharacteristic.swift in Sources */,
				BFBFE3782006296200402ED7 /* Result.swift in Sources */,
				BF3FFE6E1DC3B07D00870202 /* ConnectionOptions.swift in Sources */,
				BF5CD5481F1BED5800C2702A /* MutableDescriptor.swift in Sources */,
				BF77CEFE1DC3E45F005E41FD /* ManagerState.swift in Sources */,
				BF84AD941EC34A0C00FAD246 /* DefaultDescriptor.swift in Sources */,
				BFE23EB21DC694FC00F94D20 /* Identifier.swift in Sources */,
				BF12A8A11DCA77D300DFD137 /* CentralManagerRestoreState.swift in Sources */,
				BF180BEA1EC35123008F7982 /* DefaultPeripheral.swift in Sources */,
				BF5CD5411F1BED5800C2702A /* PeripheralManagerProtocols.swift in Sources */,
				BF3FFE6C1DC3A7A300870202 /* Descriptor.swift in Sources */,
				2EEFC32F1F669B8A00BB7657 /* CoreMockables.swift in Sources */,
				BF5CD54E1F1BED5800C2702A /* PeripheralManagerAuthorizationStatus.swift in Sources */,
				BFCB8E0B1DC0E45600D5430D /* Peripheral.swift in Sources */,
				BFE23EB01DC65B2700F94D20 /* CharacteristicProperties.swift in Sources */,
				BF5CD5491F1BED5800C2702A /* MutableCharacteristic.swift in Sources */,
				2EDF838C1F69430E00AEEE00 /* CorePeripheral.swift in Sources */,
				2EFE13761F68305900DAE7E7 /* CoreCentralManager.swift in Sources */,
				2E9D01911F66EE2500E50A08 /* Log.swift in Sources */,
				BF77CF001DC3E494005E41FD /* CentralManagerOptions.swift in Sources */,
				BFACE1511DC3E2B900328A63 /* CentralManager.swift in Sources */,
				BFB360581DE2FF0400B7931F /* ServiceProtocols.swift in Sources */,
				BF5CD54A1F1BED5800C2702A /* MutableService.swift in Sources */,
				BF5CD54D1F1BED5800C2702A /* PeripheralManagerState.swift in Sources */,
				BFACE1521DC3E2FB00328A63 /* CentralManagerProtocols.swift in Sources */,
				BF5CD5521F1BED5800C2702A /* AttributePermissions.swift in Sources */,
				BFE23EB61DC6BC0000F94D20 /* Error.swift in Sources */,
				BF3FFE721DC3B4FB00870202 /* WriteType.swift in Sources */,
				BFCB8E0D1DC0E5EF00D5430D /* Advertisement.swift in Sources */,
				BF102D541F0CF3730099D8AB /* DefaultCentralManager.swift in Sources */,
				BF5CD5401F1BED5800C2702A /* PeripheralManager.swift in Sources */,
				BFC429011F0F923F006C1F8C /* AdvertisementPersistence.swift in Sources */,
				BF5CD5501F1BED5800C2702A /* ATTRequest.swift in Sources */,
				BF5CD54F1F1BED5800C2702A /* Central.swift in Sources */,
				BFCB8E131DC1104400D5430D /* Service.swift in Sources */,
				2E9D01941F67E21400E50A08 /* CentralManagerScanningOptions.swift in Sources */,
				BF5CD54C1F1BED5800C2702A /* PeripheralManagerConnectionLatency.swift in Sources */,
				BF84AD921EC3470300FAD246 /* DefaultService.swift in Sources */,
				BF3FFE701DC3B09900870202 /* PeripheralState.swift in Sources */,
				BFB3605A1DE2FF8400B7931F /* PeripheralProtocols.swift in Sources */,
			);
			runOnlyForDeploymentPostprocessing = 0;
		};
		BFCB8DF51DC0E22200D5430D /* Sources */ = {
			isa = PBXSourcesBuildPhase;
			buildActionMask = 2147483647;
			files = (
				2EEFC3321F66AA1D00BB7657 /* AdvertisementTestCase.swift in Sources */,
				2E0B23411F680CE400AF2B80 /* PeripheralManagerTestCase.swift in Sources */,
				2EFE137C1F68314500DAE7E7 /* CBCentralManagerMock.swift in Sources */,
				2EEFC33B1F66D45C00BB7657 /* Helpers.swift in Sources */,
				2E9D01971F67E65800E50A08 /* CentralManagerOptionsTestCase.swift in Sources */,
				2E0B23431F68105300AF2B80 /* TestSetup.swift in Sources */,
				2E0B233D1F67ED4600AF2B80 /* CentralTestCase.swift in Sources */,
				2EDF83911F6964BC00AEEE00 /* CBPeripheralManagerMock.swift in Sources */,
				2E9D01961F67E22900E50A08 /* CentralManagerScanningOptionsTestCase.swift in Sources */,
				2EDF838F1F69447100AEEE00 /* CBPeripheralMock.swift in Sources */,
				2EDF83931F696BB700AEEE00 /* CBServiceMock.swift in Sources */,
				2EDF83961F69711500AEEE00 /* CentralManagerConnectionDelegateCatcher.swift in Sources */,
				2EF8F2EA1F698C9D00AC3B26 /* CentralManagerRestoreStateTestCase.swift in Sources */,
				2EFE13791F68311B00DAE7E7 /* CentralManagerTestCase.swift in Sources */,
			);
			runOnlyForDeploymentPostprocessing = 0;
		};
/* End PBXSourcesBuildPhase section */

/* Begin PBXTargetDependency section */
		BFCB8DFC1DC0E22200D5430D /* PBXTargetDependency */ = {
			isa = PBXTargetDependency;
			target = BFCB8DEF1DC0E22200D5430D /* Blues */;
			targetProxy = BFCB8DFB1DC0E22200D5430D /* PBXContainerItemProxy */;
		};
/* End PBXTargetDependency section */

/* Begin XCBuildConfiguration section */
		BF70B4BE1F30E70F005FCCD9 /* Debug */ = {
			isa = XCBuildConfiguration;
			baseConfigurationReference = BF33042C1F3731CF0011FE87 /* Universal.xcconfig */;
			buildSettings = {
				CLANG_ANALYZER_NUMBER_OBJECT_CONVERSION = YES_AGGRESSIVE;
				CLANG_CXX_LANGUAGE_STANDARD = "gnu++14";
				CLANG_WARN_UNGUARDED_AVAILABILITY = YES_AGGRESSIVE;
				GCC_C_LANGUAGE_STANDARD = gnu11;
				IPHONEOS_DEPLOYMENT_TARGET = 10.0;
				OTHER_LDFLAGS = "-ObjC";
				PRODUCT_NAME = Blues;
				SKIP_INSTALL = YES;
				TARGETED_DEVICE_FAMILY = "1,2";
			};
			name = Debug;
		};
		BF70B4BF1F30E70F005FCCD9 /* Release */ = {
			isa = XCBuildConfiguration;
			baseConfigurationReference = BF33042C1F3731CF0011FE87 /* Universal.xcconfig */;
			buildSettings = {
				CLANG_ANALYZER_NUMBER_OBJECT_CONVERSION = YES_AGGRESSIVE;
				CLANG_CXX_LANGUAGE_STANDARD = "gnu++14";
				CLANG_WARN_UNGUARDED_AVAILABILITY = YES_AGGRESSIVE;
				GCC_C_LANGUAGE_STANDARD = gnu11;
				IPHONEOS_DEPLOYMENT_TARGET = 10.0;
				OTHER_LDFLAGS = "-ObjC";
				PRODUCT_NAME = Blues;
				SKIP_INSTALL = YES;
				TARGETED_DEVICE_FAMILY = "1,2";
			};
			name = Release;
		};
		BFCB8E021DC0E22200D5430D /* Debug */ = {
			isa = XCBuildConfiguration;
			buildSettings = {
				ALWAYS_SEARCH_USER_PATHS = NO;
				CLANG_ANALYZER_NONNULL = YES;
				CLANG_CXX_LANGUAGE_STANDARD = "gnu++0x";
				CLANG_CXX_LIBRARY = "libc++";
				CLANG_ENABLE_MODULES = YES;
				CLANG_ENABLE_OBJC_ARC = YES;
				CLANG_WARN_BLOCK_CAPTURE_AUTORELEASING = YES;
				CLANG_WARN_BOOL_CONVERSION = YES;
				CLANG_WARN_COMMA = YES;
				CLANG_WARN_CONSTANT_CONVERSION = YES;
				CLANG_WARN_DIRECT_OBJC_ISA_USAGE = YES_ERROR;
				CLANG_WARN_DOCUMENTATION_COMMENTS = YES;
				CLANG_WARN_EMPTY_BODY = YES;
				CLANG_WARN_ENUM_CONVERSION = YES;
				CLANG_WARN_INFINITE_RECURSION = YES;
				CLANG_WARN_INT_CONVERSION = YES;
				CLANG_WARN_NON_LITERAL_NULL_CONVERSION = YES;
				CLANG_WARN_OBJC_LITERAL_CONVERSION = YES;
				CLANG_WARN_OBJC_ROOT_CLASS = YES_ERROR;
				CLANG_WARN_RANGE_LOOP_ANALYSIS = YES;
				CLANG_WARN_STRICT_PROTOTYPES = YES;
				CLANG_WARN_SUSPICIOUS_MOVE = YES;
				CLANG_WARN_SUSPICIOUS_MOVES = YES;
				CLANG_WARN_UNREACHABLE_CODE = YES;
				CLANG_WARN__DUPLICATE_METHOD_MATCH = YES;
				"CODE_SIGN_IDENTITY[sdk=iphoneos*]" = "iPhone Developer";
				COPY_PHASE_STRIP = NO;
				CURRENT_PROJECT_VERSION = 1;
				DEBUG_INFORMATION_FORMAT = dwarf;
				ENABLE_STRICT_OBJC_MSGSEND = YES;
				ENABLE_TESTABILITY = YES;
				GCC_C_LANGUAGE_STANDARD = gnu99;
				GCC_DYNAMIC_NO_PIC = NO;
				GCC_NO_COMMON_BLOCKS = YES;
				GCC_OPTIMIZATION_LEVEL = 0;
				GCC_PREPROCESSOR_DEFINITIONS = (
					"DEBUG=1",
					"$(inherited)",
				);
				GCC_WARN_64_TO_32_BIT_CONVERSION = YES;
				GCC_WARN_ABOUT_RETURN_TYPE = YES_ERROR;
				GCC_WARN_UNDECLARED_SELECTOR = YES;
				GCC_WARN_UNINITIALIZED_AUTOS = YES_AGGRESSIVE;
				GCC_WARN_UNUSED_FUNCTION = YES;
				GCC_WARN_UNUSED_VARIABLE = YES;
				IPHONEOS_DEPLOYMENT_TARGET = 10.0;
				MTL_ENABLE_DEBUG_INFO = YES;
				ONLY_ACTIVE_ARCH = YES;
				SDKROOT = iphoneos;
				SWIFT_ACTIVE_COMPILATION_CONDITIONS = DEBUG;
				SWIFT_OPTIMIZATION_LEVEL = "-Onone";
				SWIFT_VERSION = 3.0;
				TARGETED_DEVICE_FAMILY = "1,2";
				VERSIONING_SYSTEM = "apple-generic";
				VERSION_INFO_PREFIX = "";
			};
			name = Debug;
		};
		BFCB8E031DC0E22200D5430D /* Release */ = {
			isa = XCBuildConfiguration;
			buildSettings = {
				ALWAYS_SEARCH_USER_PATHS = NO;
				CLANG_ANALYZER_NONNULL = YES;
				CLANG_CXX_LANGUAGE_STANDARD = "gnu++0x";
				CLANG_CXX_LIBRARY = "libc++";
				CLANG_ENABLE_MODULES = YES;
				CLANG_ENABLE_OBJC_ARC = YES;
				CLANG_WARN_BLOCK_CAPTURE_AUTORELEASING = YES;
				CLANG_WARN_BOOL_CONVERSION = YES;
				CLANG_WARN_COMMA = YES;
				CLANG_WARN_CONSTANT_CONVERSION = YES;
				CLANG_WARN_DIRECT_OBJC_ISA_USAGE = YES_ERROR;
				CLANG_WARN_DOCUMENTATION_COMMENTS = YES;
				CLANG_WARN_EMPTY_BODY = YES;
				CLANG_WARN_ENUM_CONVERSION = YES;
				CLANG_WARN_INFINITE_RECURSION = YES;
				CLANG_WARN_INT_CONVERSION = YES;
				CLANG_WARN_NON_LITERAL_NULL_CONVERSION = YES;
				CLANG_WARN_OBJC_LITERAL_CONVERSION = YES;
				CLANG_WARN_OBJC_ROOT_CLASS = YES_ERROR;
				CLANG_WARN_RANGE_LOOP_ANALYSIS = YES;
				CLANG_WARN_STRICT_PROTOTYPES = YES;
				CLANG_WARN_SUSPICIOUS_MOVE = YES;
				CLANG_WARN_SUSPICIOUS_MOVES = YES;
				CLANG_WARN_UNREACHABLE_CODE = YES;
				CLANG_WARN__DUPLICATE_METHOD_MATCH = YES;
				"CODE_SIGN_IDENTITY[sdk=iphoneos*]" = "iPhone Developer";
				COPY_PHASE_STRIP = NO;
				CURRENT_PROJECT_VERSION = 1;
				DEBUG_INFORMATION_FORMAT = "dwarf-with-dsym";
				ENABLE_NS_ASSERTIONS = NO;
				ENABLE_STRICT_OBJC_MSGSEND = YES;
				GCC_C_LANGUAGE_STANDARD = gnu99;
				GCC_NO_COMMON_BLOCKS = YES;
				GCC_WARN_64_TO_32_BIT_CONVERSION = YES;
				GCC_WARN_ABOUT_RETURN_TYPE = YES_ERROR;
				GCC_WARN_UNDECLARED_SELECTOR = YES;
				GCC_WARN_UNINITIALIZED_AUTOS = YES_AGGRESSIVE;
				GCC_WARN_UNUSED_FUNCTION = YES;
				GCC_WARN_UNUSED_VARIABLE = YES;
				IPHONEOS_DEPLOYMENT_TARGET = 10.0;
				MTL_ENABLE_DEBUG_INFO = NO;
				SDKROOT = iphoneos;
				SWIFT_OPTIMIZATION_LEVEL = "-Owholemodule";
				SWIFT_VERSION = 3.0;
				TARGETED_DEVICE_FAMILY = "1,2";
				VALIDATE_PRODUCT = YES;
				VERSIONING_SYSTEM = "apple-generic";
				VERSION_INFO_PREFIX = "";
			};
			name = Release;
		};
		BFCB8E051DC0E22200D5430D /* Debug */ = {
			isa = XCBuildConfiguration;
			baseConfigurationReference = BF33042C1F3731CF0011FE87 /* Universal.xcconfig */;
			buildSettings = {
				CLANG_ENABLE_MODULES = YES;
				"CODE_SIGN_IDENTITY[sdk=iphoneos*]" = "";
				DEFINES_MODULE = YES;
				DEVELOPMENT_TEAM = "";
				DYLIB_COMPATIBILITY_VERSION = 1;
				DYLIB_CURRENT_VERSION = 1;
				DYLIB_INSTALL_NAME_BASE = "@rpath";
				INFOPLIST_FILE = Blues/Info.plist;
				INSTALL_PATH = "$(LOCAL_LIBRARY_DIR)/Frameworks";
				LD_RUNPATH_SEARCH_PATHS = "$(inherited) @executable_path/Frameworks @loader_path/Frameworks";
				PRODUCT_BUNDLE_IDENTIFIER = "com.nwtn-berlin.Blues";
				PRODUCT_NAME = "$(TARGET_NAME)";
				SKIP_INSTALL = YES;
				SWIFT_OPTIMIZATION_LEVEL = "-Onone";
			};
			name = Debug;
		};
		BFCB8E061DC0E22200D5430D /* Release */ = {
			isa = XCBuildConfiguration;
			baseConfigurationReference = BF33042C1F3731CF0011FE87 /* Universal.xcconfig */;
			buildSettings = {
				CLANG_ENABLE_MODULES = YES;
				"CODE_SIGN_IDENTITY[sdk=iphoneos*]" = "";
				DEFINES_MODULE = YES;
				DEVELOPMENT_TEAM = "";
				DYLIB_COMPATIBILITY_VERSION = 1;
				DYLIB_CURRENT_VERSION = 1;
				DYLIB_INSTALL_NAME_BASE = "@rpath";
				INFOPLIST_FILE = Blues/Info.plist;
				INSTALL_PATH = "$(LOCAL_LIBRARY_DIR)/Frameworks";
				LD_RUNPATH_SEARCH_PATHS = "$(inherited) @executable_path/Frameworks @loader_path/Frameworks";
				PRODUCT_BUNDLE_IDENTIFIER = "com.nwtn-berlin.Blues";
				PRODUCT_NAME = "$(TARGET_NAME)";
				SKIP_INSTALL = YES;
			};
			name = Release;
		};
		BFCB8E081DC0E22200D5430D /* Debug */ = {
			isa = XCBuildConfiguration;
			baseConfigurationReference = BF33042C1F3731CF0011FE87 /* Universal.xcconfig */;
			buildSettings = {
				ALWAYS_EMBED_SWIFT_STANDARD_LIBRARIES = YES;
				CODE_SIGN_STYLE = Manual;
				DEVELOPMENT_TEAM = "";
				INFOPLIST_FILE = BluesTests/Info.plist;
				LD_RUNPATH_SEARCH_PATHS = "$(inherited) @executable_path/Frameworks @loader_path/Frameworks";
				PRODUCT_BUNDLE_IDENTIFIER = "-.BluesTests";
				PRODUCT_NAME = "$(TARGET_NAME)";
				PROVISIONING_PROFILE_SPECIFIER = "";
			};
			name = Debug;
		};
		BFCB8E091DC0E22200D5430D /* Release */ = {
			isa = XCBuildConfiguration;
			baseConfigurationReference = BF33042C1F3731CF0011FE87 /* Universal.xcconfig */;
			buildSettings = {
				ALWAYS_EMBED_SWIFT_STANDARD_LIBRARIES = YES;
				CODE_SIGN_STYLE = Manual;
				DEVELOPMENT_TEAM = "";
				INFOPLIST_FILE = BluesTests/Info.plist;
				LD_RUNPATH_SEARCH_PATHS = "$(inherited) @executable_path/Frameworks @loader_path/Frameworks";
				PRODUCT_BUNDLE_IDENTIFIER = "-.BluesTests";
				PRODUCT_NAME = "$(TARGET_NAME)";
				PROVISIONING_PROFILE_SPECIFIER = "";
			};
			name = Release;
		};
/* End XCBuildConfiguration section */

/* Begin XCConfigurationList section */
		BF70B4C01F30E70F005FCCD9 /* Build configuration list for PBXNativeTarget "Blues (Static)" */ = {
			isa = XCConfigurationList;
			buildConfigurations = (
				BF70B4BE1F30E70F005FCCD9 /* Debug */,
				BF70B4BF1F30E70F005FCCD9 /* Release */,
			);
			defaultConfigurationIsVisible = 0;
			defaultConfigurationName = Release;
		};
		BFCB8DEA1DC0E22200D5430D /* Build configuration list for PBXProject "Blues" */ = {
			isa = XCConfigurationList;
			buildConfigurations = (
				BFCB8E021DC0E22200D5430D /* Debug */,
				BFCB8E031DC0E22200D5430D /* Release */,
			);
			defaultConfigurationIsVisible = 0;
			defaultConfigurationName = Release;
		};
		BFCB8E041DC0E22200D5430D /* Build configuration list for PBXNativeTarget "Blues" */ = {
			isa = XCConfigurationList;
			buildConfigurations = (
				BFCB8E051DC0E22200D5430D /* Debug */,
				BFCB8E061DC0E22200D5430D /* Release */,
			);
			defaultConfigurationIsVisible = 0;
			defaultConfigurationName = Release;
		};
		BFCB8E071DC0E22200D5430D /* Build configuration list for PBXNativeTarget "BluesTests" */ = {
			isa = XCConfigurationList;
			buildConfigurations = (
				BFCB8E081DC0E22200D5430D /* Debug */,
				BFCB8E091DC0E22200D5430D /* Release */,
			);
			defaultConfigurationIsVisible = 0;
			defaultConfigurationName = Release;
		};
/* End XCConfigurationList section */
	};
	rootObject = BFCB8DE71DC0E22200D5430D /* Project object */;
}
